
Microsoft Visual Studio Solution File, Format Version 12.00
# Visual Studio Version 16
VisualStudioVersion = 16.0.29806.167
MinimumVisualStudioVersion = 10.0.40219.1
Project("{8BC9CEB8-8B4A-11D0-8D11-00A0C91BC942}") = "Project1", "Project1\Project1.vcxproj", "{A7306345-71A3-4B6C-91E2-F2D8138105A9}"
EndProject
Project("{8BC9CEB8-8B4A-11D0-8D11-00A0C91BC942}") = "OpenCv1", "..\OpenCv1\OpenCv1\OpenCv1.vcxproj", "{D0CBF147-DE12-45C4-9C01-988DA11189CD}"
EndProject
Global
	GlobalSection(SolutionConfigurationPlatforms) = preSolution
		Debug|x64 = Debug|x64
		Debug|x86 = Debug|x86
		Release|x64 = Release|x64
		Release|x86 = Release|x86
	EndGlobalSection
	GlobalSection(ProjectConfigurationPlatforms) = postSolution
		{A7306345-71A3-4B6C-91E2-F2D8138105A9}.Debug|x64.ActiveCfg = Debug|x64
		{A7306345-71A3-4B6C-91E2-F2D8138105A9}.Debug|x64.Build.0 = Debug|x64
		{A7306345-71A3-4B6C-91E2-F2D8138105A9}.Debug|x86.ActiveCfg = Debug|Win32
		{A7306345-71A3-4B6C-91E2-F2D8138105A9}.Debug|x86.Build.0 = Debug|Win32
		{A7306345-71A3-4B6C-91E2-F2D8138105A9}.Release|x64.ActiveCfg = Release|x64
		{A7306345-71A3-4B6C-91E2-F2D8138105A9}.Release|x64.Build.0 = Release|x64
		{A7306345-71A3-4B6C-91E2-F2D8138105A9}.Release|x86.ActiveCfg = Release|Win32
		{A7306345-71A3-4B6C-91E2-F2D8138105A9}.Release|x86.Build.0 = Release|Win32
		{D0CBF147-DE12-45C4-9C01-988DA11189CD}.Debug|x64.ActiveCfg = Debug|x64
		{D0CBF147-DE12-45C4-9C01-988DA11189CD}.Debug|x64.Build.0 = Debug|x64
		{D0CBF147-DE12-45C4-9C01-988DA11189CD}.Debug|x86.ActiveCfg = Debug|Win32
		{D0CBF147-DE12-45C4-9C01-988DA11189CD}.Debug|x86.Build.0 = Debug|Win32
		{D0CBF147-DE12-45C4-9C01-988DA11189CD}.Release|x64.ActiveCfg = Release|x64
		{D0CBF147-DE12-45C4-9C01-988DA11189CD}.Release|x64.Build.0 = Release|x64
		{D0CBF147-DE12-45C4-9C01-988DA11189CD}.Release|x86.ActiveCfg = Release|Win32
		{D0CBF147-DE12-45C4-9C01-988DA11189CD}.Release|x86.Build.0 = Release|Win32
	EndGlobalSection
	GlobalSection(SolutionProperties) = preSolution
		HideSolutionNode = FALSE
	EndGlobalSection
	GlobalSection(ExtensibilityGlobals) = postSolution
		SolutionGuid = {15389886-FDE5-4341-9CDE-69D3AB82B8DF}
	EndGlobalSection
EndGlobal
